
Microsoft Visual Studio Solution File, Format Version 12.00
# Visual Studio 15
VisualStudioVersion = 15.0.28307.421
MinimumVisualStudioVersion = 10.0.40219.1
Project("{FAE04EC0-301F-11D3-BF4B-00C04F79EFBC}") = "FiguresLib", "FiguresLib\FiguresLib.csproj", "{7EAC0876-5E9D-4B05-80A2-11C93EDB5B5E}"
EndProject
Global
	GlobalSection(SolutionConfigurationPlatforms) = preSolution
		Debug|Any CPU = Debug|Any CPU
		Release|Any CPU = Release|Any CPU
	EndGlobalSection
	GlobalSection(ProjectConfigurationPlatforms) = postSolution
		{7EAC0876-5E9D-4B05-80A2-11C93EDB5B5E}.Debug|Any CPU.ActiveCfg = Debug|Any CPU
		{7EAC0876-5E9D-4B05-80A2-11C93EDB5B5E}.Debug|Any CPU.Build.0 = Debug|Any CPU
		{7EAC0876-5E9D-4B05-80A2-11C93EDB5B5E}.Release|Any CPU.ActiveCfg = Release|Any CPU
		{7EAC0876-5E9D-4B05-80A2-11C93EDB5B5E}.Release|Any CPU.Build.0 = Release|Any CPU
	EndGlobalSection
	GlobalSection(SolutionProperties) = preSolution
		HideSolutionNode = FALSE
	EndGlobalSection
	GlobalSection(ExtensibilityGlobals) = postSolution
		SolutionGuid = {1F62C7CE-1601-4EE3-80F7-E22F156BF8F1}
	EndGlobalSection
EndGlobal
